
Microsoft Visual Studio Solution File, Format Version 12.00
# Visual Studio Version 16
VisualStudioVersion = 16.0.31702.278
MinimumVisualStudioVersion = 10.0.40219.1
Project("{9A19103F-16F7-4668-BE54-9A1E7A4F7556}") = "KBS_FunEvents_Web_2024", "KBS_FunEvents_Web_2024\KBS_FunEvents_Web_2024.csproj", "{1BB0C8C6-25E7-48AE-B052-F3B4D160E5C5}"
EndProject
Global
	GlobalSection(SolutionConfigurationPlatforms) = preSolution
		Debug|Any CPU = Debug|Any CPU
		Release|Any CPU = Release|Any CPU
	EndGlobalSection
	GlobalSection(ProjectConfigurationPlatforms) = postSolution
		{1BB0C8C6-25E7-48AE-B052-F3B4D160E5C5}.Debug|Any CPU.ActiveCfg = Debug|Any CPU
		{1BB0C8C6-25E7-48AE-B052-F3B4D160E5C5}.Debug|Any CPU.Build.0 = Debug|Any CPU
		{1BB0C8C6-25E7-48AE-B052-F3B4D160E5C5}.Release|Any CPU.ActiveCfg = Release|Any CPU
		{1BB0C8C6-25E7-48AE-B052-F3B4D160E5C5}.Release|Any CPU.Build.0 = Release|Any CPU
	EndGlobalSection
	GlobalSection(SolutionProperties) = preSolution
		HideSolutionNode = FALSE
	EndGlobalSection
	GlobalSection(ExtensibilityGlobals) = postSolution
		SolutionGuid = {5E6AFED7-3CD1-430A-847A-FD2F797D439E}
	EndGlobalSection
EndGlobal
